
Microsoft Visual Studio Solution File, Format Version 12.00
# Visual Studio Version 17
VisualStudioVersion = 17.11.35327.3
MinimumVisualStudioVersion = 10.0.40219.1
Project("{FAE04EC0-301F-11D3-BF4B-00C04F79EFBC}") = "Series_Blog", "Series_Blog\Series_Blog.csproj", "{A1383440-EEBC-4541-AD0A-44F3AC4AE5D3}"
EndProject
Global
	GlobalSection(SolutionConfigurationPlatforms) = preSolution
		Debug|Any CPU = Debug|Any CPU
		Release|Any CPU = Release|Any CPU
	EndGlobalSection
	GlobalSection(ProjectConfigurationPlatforms) = postSolution
		{A1383440-EEBC-4541-AD0A-44F3AC4AE5D3}.Debug|Any CPU.ActiveCfg = Debug|Any CPU
		{A1383440-EEBC-4541-AD0A-44F3AC4AE5D3}.Debug|Any CPU.Build.0 = Debug|Any CPU
		{A1383440-EEBC-4541-AD0A-44F3AC4AE5D3}.Release|Any CPU.ActiveCfg = Release|Any CPU
		{A1383440-EEBC-4541-AD0A-44F3AC4AE5D3}.Release|Any CPU.Build.0 = Release|Any CPU
	EndGlobalSection
	GlobalSection(SolutionProperties) = preSolution
		HideSolutionNode = FALSE
	EndGlobalSection
	GlobalSection(ExtensibilityGlobals) = postSolution
		SolutionGuid = {E5FC8FEA-A2F2-4447-B554-365C4A363139}
	EndGlobalSection
EndGlobal
